
Microsoft Visual Studio Solution File, Format Version 12.00
# Visual Studio Version 17
VisualStudioVersion = 17.13.35806.99
MinimumVisualStudioVersion = 10.0.40219.1
Project("{FAE04EC0-301F-11D3-BF4B-00C04F79EFBC}") = "Diploma", "Diploma\Diploma.csproj", "{338D3C35-75AC-82EB-A174-DA4F11F2E06A}"
EndProject
Global
	GlobalSection(SolutionConfigurationPlatforms) = preSolution
		Debug|Any CPU = Debug|Any CPU
		Release|Any CPU = Release|Any CPU
	EndGlobalSection
	GlobalSection(ProjectConfigurationPlatforms) = postSolution
		{338D3C35-75AC-82EB-A174-DA4F11F2E06A}.Debug|Any CPU.ActiveCfg = Debug|Any CPU
		{338D3C35-75AC-82EB-A174-DA4F11F2E06A}.Debug|Any CPU.Build.0 = Debug|Any CPU
		{338D3C35-75AC-82EB-A174-DA4F11F2E06A}.Release|Any CPU.ActiveCfg = Release|Any CPU
		{338D3C35-75AC-82EB-A174-DA4F11F2E06A}.Release|Any CPU.Build.0 = Release|Any CPU
	EndGlobalSection
	GlobalSection(SolutionProperties) = preSolution
		HideSolutionNode = FALSE
	EndGlobalSection
	GlobalSection(ExtensibilityGlobals) = postSolution
		SolutionGuid = {9FE472C8-4FE6-4AF7-9F41-215897C821B7}
	EndGlobalSection
EndGlobal
